{
  "name": "virtualmarket",
  "lockfileVersion": 2,
  "requires": true,
  "packages": {
    "": {
      "dependencies": {
        "@openzeppelin/contracts": "^3.0.1"
      }
    },
    "node_modules/@openzeppelin/contracts": {
      "version": "3.0.1",
      "resolved": "https://registry.npmjs.org/@openzeppelin/contracts/-/contracts-3.0.1.tgz",
      "integrity": "sha512-uSrD7hZ0ViuHGqHZbeHawZBi/uy7aBiNramXAt2dFFuSuoU4u9insS3V3zdVfOnYSPreUo636xSOuQIFN4//HA=="
    }
  },
  "dependencies": {
    "@openzeppelin/contracts": {
      "version": "3.0.1",
      "resolved": "https://registry.npmjs.org/@openzeppelin/contracts/-/contracts-3.0.1.tgz",
      "integrity": "sha512-uSrD7hZ0ViuHGqHZbeHawZBi/uy7aBiNramXAt2dFFuSuoU4u9insS3V3zdVfOnYSPreUo636xSOuQIFN4//HA=="
    }
  }
}
